
Microsoft Visual Studio Solution File, Format Version 12.00
# Visual Studio Version 17
VisualStudioVersion = 17.8.34525.116
MinimumVisualStudioVersion = 10.0.40219.1
Project("{FAE04EC0-301F-11D3-BF4B-00C04F79EFBC}") = "MyFirstASPNETBlankProjectFun", "MyFirstASPNETBlankProjectFun\MyFirstASPNETBlankProjectFun.csproj", "{70709DF4-DAE1-4DC6-9411-A32B9795471A}"
EndProject
Global
	GlobalSection(SolutionConfigurationPlatforms) = preSolution
		Debug|Any CPU = Debug|Any CPU
		Release|Any CPU = Release|Any CPU
	EndGlobalSection
	GlobalSection(ProjectConfigurationPlatforms) = postSolution
		{70709DF4-DAE1-4DC6-9411-A32B9795471A}.Debug|Any CPU.ActiveCfg = Debug|Any CPU
		{70709DF4-DAE1-4DC6-9411-A32B9795471A}.Debug|Any CPU.Build.0 = Debug|Any CPU
		{70709DF4-DAE1-4DC6-9411-A32B9795471A}.Release|Any CPU.ActiveCfg = Release|Any CPU
		{70709DF4-DAE1-4DC6-9411-A32B9795471A}.Release|Any CPU.Build.0 = Release|Any CPU
	EndGlobalSection
	GlobalSection(SolutionProperties) = preSolution
		HideSolutionNode = FALSE
	EndGlobalSection
	GlobalSection(ExtensibilityGlobals) = postSolution
		SolutionGuid = {3572A919-AADF-4501-B6E7-07431074A405}
	EndGlobalSection
EndGlobal
